
Microsoft Visual Studio Solution File, Format Version 12.00
# Visual Studio Version 17
VisualStudioVersion = 17.5.002.0
MinimumVisualStudioVersion = 10.0.40219.1
Project("{9A19103F-16F7-4668-BE54-9A1E7A4F7556}") = "api", "api.csproj", "{8934A649-674A-401C-8789-B5197C1C8B75}"
EndProject
Global
	GlobalSection(SolutionConfigurationPlatforms) = preSolution
		Debug|Any CPU = Debug|Any CPU
		Release|Any CPU = Release|Any CPU
	EndGlobalSection
	GlobalSection(ProjectConfigurationPlatforms) = postSolution
		{8934A649-674A-401C-8789-B5197C1C8B75}.Debug|Any CPU.ActiveCfg = Debug|Any CPU
		{8934A649-674A-401C-8789-B5197C1C8B75}.Debug|Any CPU.Build.0 = Debug|Any CPU
		{8934A649-674A-401C-8789-B5197C1C8B75}.Release|Any CPU.ActiveCfg = Release|Any CPU
		{8934A649-674A-401C-8789-B5197C1C8B75}.Release|Any CPU.Build.0 = Release|Any CPU
	EndGlobalSection
	GlobalSection(SolutionProperties) = preSolution
		HideSolutionNode = FALSE
	EndGlobalSection
	GlobalSection(ExtensibilityGlobals) = postSolution
		SolutionGuid = {EBA60233-E864-4AF1-AAE1-54D184F7C5B3}
	EndGlobalSection
EndGlobal
